// !$*UTF8*$!
{
	archiveVersion = 1;
	classes = {
	};
	objectVersion = 46;
	objects = {

/* Begin PBXBuildFile section */
		3793566D1D25046A008B6975 /* AppDelegate.swift in Sources */ = {isa = PBXBuildFile; fileRef = 3793566C1D25046A008B6975 /* AppDelegate.swift */; };
		379356741D25046A008B6975 /* Assets.xcassets in Resources */ = {isa = PBXBuildFile; fileRef = 379356731D25046A008B6975 /* Assets.xcassets */; };
		379356771D25046A008B6975 /* LaunchScreen.storyboard in Resources */ = {isa = PBXBuildFile; fileRef = 379356751D25046A008B6975 /* LaunchScreen.storyboard */; };
		379356821D2505A2008B6975 /* Second.swift in Sources */ = {isa = PBXBuildFile; fileRef = 379356811D2505A2008B6975 /* Second.swift */; };
		379356851D251051008B6975 /* First.swift in Sources */ = {isa = PBXBuildFile; fileRef = 379356841D251051008B6975 /* First.swift */; };
		379356871D251A37008B6975 /* PresentAnimation.swift in Sources */ = {isa = PBXBuildFile; fileRef = 379356861D251A37008B6975 /* PresentAnimation.swift */; };
		379356891D251A42008B6975 /* DismissAnimation.swift in Sources */ = {isa = PBXBuildFile; fileRef = 379356881D251A42008B6975 /* DismissAnimation.swift */; };
/* End PBXBuildFile section */

/* Begin PBXFileReference section */
		379356691D25046A008B6975 /* FlipAnimation.app */ = {isa = PBXFileReference; explicitFileType = wrapper.application; includeInIndex = 0; path = FlipAnimation.app; sourceTree = BUILT_PRODUCTS_DIR; };
		3793566C1D25046A008B6975 /* AppDelegate.swift */ = {isa = PBXFileReference; lastKnownFileType = sourcecode.swift; path = AppDelegate.swift; sourceTree = "<group>"; };
		379356731D25046A008B6975 /* Assets.xcassets */ = {isa = PBXFileReference; lastKnownFileType = folder.assetcatalog; path = Assets.xcassets; sourceTree = "<group>"; };
		379356761D25046A008B6975 /* Base */ = {isa = PBXFileReference; lastKnownFileType = file.storyboard; name = Base; path = Base.lproj/LaunchScreen.storyboard; sourceTree = "<group>"; };
		379356781D25046A008B6975 /* Info.plist */ = {isa = PBXFileReference; lastKnownFileType = text.plist.xml; path = Info.plist; sourceTree = "<group>"; };
		379356811D2505A2008B6975 /* Second.swift */ = {isa = PBXFileReference; fileEncoding = 4; lastKnownFileType = sourcecode.swift; path = Second.swift; sourceTree = "<group>"; };
		379356841D251051008B6975 /* First.swift */ = {isa = PBXFileReference; fileEncoding = 4; lastKnownFileType = sourcecode.swift; path = First.swift; sourceTree = "<group>"; };
		379356861D251A37008B6975 /* PresentAnimation.swift */ = {isa = PBXFileReference; fileEncoding = 4; lastKnownFileType = sourcecode.swift; path = PresentAnimation.swift; sourceTree = "<group>"; };
		379356881D251A42008B6975 /* DismissAnimation.swift */ = {isa = PBXFileReference; fileEncoding = 4; lastKnownFileType = sourcecode.swift; path = DismissAnimation.swift; sourceTree = "<group>"; };
/* End PBXFileReference section */

/* Begin PBXFrameworksBuildPhase section */
		379356661D25046A008B6975 /* Frameworks */ = {
			isa = PBXFrameworksBuildPhase;
			buildActionMask = 2147483647;
			files = (
			);
			runOnlyForDeploymentPostprocessing = 0;
		};
/* End PBXFrameworksBuildPhase section */

/* Begin PBXGroup section */
		379356601D250469008B6975 = {
			isa = PBXGroup;
			children = (
				3793566B1D25046A008B6975 /* FlipAnimation */,
				3793566A1D25046A008B6975 /* Products */,
			);
			sourceTree = "<group>";
		};
		3793566A1D25046A008B6975 /* Products */ = {
			isa = PBXGroup;
			children = (
				379356691D25046A008B6975 /* FlipAnimation.app */,
			);
			name = Products;
			sourceTree = "<group>";
		};
		3793566B1D25046A008B6975 /* FlipAnimation */ = {
			isa = PBXGroup;
			children = (
				379356831D2505BF008B6975 /* Animation */,
				3793567E1D250488008B6975 /* Support */,
				379356811D2505A2008B6975 /* Second.swift */,
				379356841D251051008B6975 /* First.swift */,
			);
			path = FlipAnimation;
			sourceTree = "<group>";
		};
		3793567E1D250488008B6975 /* Support */ = {
			isa = PBXGroup;
			children = (
				3793566C1D25046A008B6975 /* AppDelegate.swift */,
				379356731D25046A008B6975 /* Assets.xcassets */,
				379356751D25046A008B6975 /* LaunchScreen.storyboard */,
				379356781D25046A008B6975 /* Info.plist */,
			);
			name = Support;
			sourceTree = "<group>";
		};
		379356831D2505BF008B6975 /* Animation */ = {
			isa = PBXGroup;
			children = (
				379356861D251A37008B6975 /* PresentAnimation.swift */,
				379356881D251A42008B6975 /* DismissAnimation.swift */,
			);
			name = Animation;
			sourceTree = "<group>";
		};
/* End PBXGroup section */

/* Begin PBXNativeTarget section */
		379356681D25046A008B6975 /* FlipAnimation */ = {
			isa = PBXNativeTarget;
			buildConfigurationList = 3793567B1D25046A008B6975 /* Build configuration list for PBXNativeTarget "FlipAnimation" */;
			buildPhases = (
				379356651D25046A008B6975 /* Sources */,
				379356661D25046A008B6975 /* Frameworks */,
				379356671D25046A008B6975 /* Resources */,
			);
			buildRules = (
			);
			dependencies = (
			);
			name = FlipAnimation;
			productName = FlipAnimation;
			productReference = 379356691D25046A008B6975 /* FlipAnimation.app */;
			productType = "com.apple.product-type.application";
		};
/* End PBXNativeTarget section */

/* Begin PBXProject section */
		379356611D250469008B6975 /* Project object */ = {
			isa = PBXProject;
			attributes = {
				LastSwiftUpdateCheck = 0730;
				LastUpgradeCheck = 0730;
				ORGANIZATIONNAME = Bing;
				TargetAttributes = {
					379356681D25046A008B6975 = {
						CreatedOnToolsVersion = 7.3.1;
					};
				};
			};
			buildConfigurationList = 379356641D250469008B6975 /* Build configuration list for PBXProject "FlipAnimation" */;
			compatibilityVersion = "Xcode 3.2";
			developmentRegion = English;
			hasScannedForEncodings = 0;
			knownRegions = (
				en,
				Base,
			);
			mainGroup = 379356601D250469008B6975;
			productRefGroup = 3793566A1D25046A008B6975 /* Products */;
			projectDirPath = "";
			projectRoot = "";
			targets = (
				379356681D25046A008B6975 /* FlipAnimation */,
			);
		};
/* End PBXProject section */

/* Begin PBXResourcesBuildPhase section */
		379356671D25046A008B6975 /* Resources */ = {
			isa = PBXResourcesBuildPhase;
			buildActionMask = 2147483647;
			files = (
				379356771D25046A008B6975 /* LaunchScreen.storyboard in Resources */,
				379356741D25046A008B6975 /* Assets.xcassets in Resources */,
			);
			runOnlyForDeploymentPostprocessing = 0;
		};
/* End PBXResourcesBuildPhase section */

/* Begin PBXSourcesBuildPhase section */
		379356651D25046A008B6975 /* Sources */ = {
			isa = PBXSourcesBuildPhase;
			buildActionMask = 2147483647;
			files = (
				3793566D1D25046A008B6975 /* AppDelegate.swift in Sources */,
				379356891D251A42008B6975 /* DismissAnimation.swift in Sources */,
				379356821D2505A2008B6975 /* Second.swift in Sources */,
				379356871D251A37008B6975 /* PresentAnimation.swift in Sources */,
				379356851D251051008B6975 /* First.swift in Sources */,
			);
			runOnlyForDeploymentPostprocessing = 0;
		};
/* End PBXSourcesBuildPhase section */

/* Begin PBXVariantGroup section */
		379356751D25046A008B6975 /* LaunchScreen.storyboard */ = {
			isa = PBXVariantGroup;
			children = (
				379356761D25046A008B6975 /* Base */,
			);
			name = LaunchScreen.storyboard;
			sourceTree = "<group>";
		};
/* End PBXVariantGroup section */

/* Begin XCBuildConfiguration section */
		379356791D25046A008B6975 /* Debug */ = {
			isa = XCBuildConfiguration;
			buildSettings = {
				ALWAYS_SEARCH_USER_PATHS = NO;
				CLANG_ANALYZER_NONNULL = YES;
				CLANG_CXX_LANGUAGE_STANDARD = "gnu++0x";
				CLANG_CXX_LIBRARY = "libc++";
				CLANG_ENABLE_MODULES = YES;
				CLANG_ENABLE_OBJC_ARC = YES;
				CLANG_WARN_BOOL_CONVERSION = YES;
				CLANG_WARN_CONSTANT_CONVERSION = YES;
				CLANG_WARN_DIRECT_OBJC_ISA_USAGE = YES_ERROR;
				CLANG_WARN_EMPTY_BODY = YES;
				CLANG_WARN_ENUM_CONVERSION = YES;
				CLANG_WARN_INT_CONVERSION = YES;
				CLANG_WARN_OBJC_ROOT_CLASS = YES_ERROR;
				CLANG_WARN_UNREACHABLE_CODE = YES;
				CLANG_WARN__DUPLICATE_METHOD_MATCH = YES;
				"CODE_SIGN_IDENTITY[sdk=iphoneos*]" = "iPhone Developer";
				COPY_PHASE_STRIP = NO;
				DEBUG_INFORMATION_FORMAT = dwarf;
				ENABLE_STRICT_OBJC_MSGSEND = YES;
				ENABLE_TESTABILITY = YES;
				GCC_C_LANGUAGE_STANDARD = gnu99;
				GCC_DYNAMIC_NO_PIC = NO;
				GCC_NO_COMMON_BLOCKS = YES;
				GCC_OPTIMIZATION_LEVEL = 0;
				GCC_PREPROCESSOR_DEFINITIONS = (
					"DEBUG=1",
					"$(inherited)",
				);
				GCC_WARN_64_TO_32_BIT_CONVERSION = YES;
				GCC_WARN_ABOUT_RETURN_TYPE = YES_ERROR;
				GCC_WARN_UNDECLARED_SELECTOR = YES;
				GCC_WARN_UNINITIALIZED_AUTOS = YES_AGGRESSIVE;
				GCC_WARN_UNUSED_FUNCTION = YES;
				GCC_WARN_UNUSED_VARIABLE = YES;
				IPHONEOS_DEPLOYMENT_TARGET = 9.3;
				MTL_ENABLE_DEBUG_INFO = YES;
				ONLY_ACTIVE_ARCH = YES;
				SDKROOT = iphoneos;
				SWIFT_OPTIMIZATION_LEVEL = "-Onone";
			};
			name = Debug;
		};
		3793567A1D25046A008B6975 /* Release */ = {
			isa = XCBuildConfiguration;
			buildSettings = {
				ALWAYS_SEARCH_USER_PATHS = NO;
				CLANG_ANALYZER_NONNULL = YES;
				CLANG_CXX_LANGUAGE_STANDARD = "gnu++0x";
				CLANG_CXX_LIBRARY = "libc++";
				CLANG_ENABLE_MODULES = YES;
				CLANG_ENABLE_OBJC_ARC = YES;
				CLANG_WARN_BOOL_CONVERSION = YES;
				CLANG_WARN_CONSTANT_CONVERSION = YES;
				CLANG_WARN_DIRECT_OBJC_ISA_USAGE = YES_ERROR;
				CLANG_WARN_EMPTY_BODY = YES;
				CLANG_WARN_ENUM_CONVERSION = YES;
				CLANG_WARN_INT_CONVERSION = YES;
				CLANG_WARN_OBJC_ROOT_CLASS = YES_ERROR;
				CLANG_WARN_UNREACHABLE_CODE = YES;
				CLANG_WARN__DUPLICATE_METHOD_MATCH = YES;
				"CODE_SIGN_IDENTITY[sdk=iphoneos*]" = "iPhone Developer";
				COPY_PHASE_STRIP = NO;
				DEBUG_INFORMATION_FORMAT = "dwarf-with-dsym";
				ENABLE_NS_ASSERTIONS = NO;
				ENABLE_STRICT_OBJC_MSGSEND = YES;
				GCC_C_LANGUAGE_STANDARD = gnu99;
				GCC_NO_COMMON_BLOCKS = YES;
				GCC_WARN_64_TO_32_BIT_CONVERSION = YES;
				GCC_WARN_ABOUT_RETURN_TYPE = YES_ERROR;
				GCC_WARN_UNDECLARED_SELECTOR = YES;
				GCC_WARN_UNINITIALIZED_AUTOS = YES_AGGRESSIVE;
				GCC_WARN_UNUSED_FUNCTION = YES;
				GCC_WARN_UNUSED_VARIABLE = YES;
				IPHONEOS_DEPLOYMENT_TARGET = 9.3;
				MTL_ENABLE_DEBUG_INFO = NO;
				SDKROOT = iphoneos;
				VALIDATE_PRODUCT = YES;
			};
			name = Release;
		};
		3793567C1D25046A008B6975 /* Debug */ = {
			isa = XCBuildConfiguration;
			buildSettings = {
				ASSETCATALOG_COMPILER_APPICON_NAME = AppIcon;
				INFOPLIST_FILE = FlipAnimation/Info.plist;
				LD_RUNPATH_SEARCH_PATHS = "$(inherited) @executable_path/Frameworks";
				PRODUCT_BUNDLE_IDENTIFIER = com.geekbing.FlipAnimation;
				PRODUCT_NAME = "$(TARGET_NAME)";
			};
			name = Debug;
		};
		3793567D1D25046A008B6975 /* Release */ = {
			isa = XCBuildConfiguration;
			buildSettings = {
				ASSETCATALOG_COMPILER_APPICON_NAME = AppIcon;
				INFOPLIST_FILE = FlipAnimation/Info.plist;
				LD_RUNPATH_SEARCH_PATHS = "$(inherited) @executable_path/Frameworks";
				PRODUCT_BUNDLE_IDENTIFIER = com.geekbing.FlipAnimation;
				PRODUCT_NAME = "$(TARGET_NAME)";
			};
			name = Release;
		};
/* End XCBuildConfiguration section */

/* Begin XCConfigurationList section */
		379356641D250469008B6975 /* Build configuration list for PBXProject "FlipAnimation" */ = {
			isa = XCConfigurationList;
			buildConfigurations = (
				379356791D25046A008B6975 /* Debug */,
				3793567A1D25046A008B6975 /* Release */,
			);
			defaultConfigurationIsVisible = 0;
			defaultConfigurationName = Release;
		};
		3793567B1D25046A008B6975 /* Build configuration list for PBXNativeTarget "FlipAnimation" */ = {
			isa = XCConfigurationList;
			buildConfigurations = (
				3793567C1D25046A008B6975 /* Debug */,
				3793567D1D25046A008B6975 /* Release */,
			);
			defaultConfigurationIsVisible = 0;
		};
/* End XCConfigurationList section */
	};
	rootObject = 379356611D250469008B6975 /* Project object */;
}
